
Microsoft Visual Studio Solution File, Format Version 12.00
# Visual Studio Version 16
VisualStudioVersion = 16.6.30114.105
MinimumVisualStudioVersion = 10.0.40219.1
Project("{FAE04EC0-301F-11D3-BF4B-00C04F79EFBC}") = "API", "API\API.csproj", "{C6A7D580-5B26-4073-B048-99C8CAABB48F}"
EndProject
Project("{FAE04EC0-301F-11D3-BF4B-00C04F79EFBC}") = "Application", "Application\Application.csproj", "{F8BB38C8-0DB5-4149-B04B-C258A0CB0070}"
EndProject
Project("{FAE04EC0-301F-11D3-BF4B-00C04F79EFBC}") = "ADomain", "ADomain\ADomain.csproj", "{F16C4964-71B3-4712-B2E6-9A42E94BC2CD}"
EndProject
Project("{FAE04EC0-301F-11D3-BF4B-00C04F79EFBC}") = "Persistance", "Persistance\Persistance.csproj", "{233F8DEA-A813-44B3-8805-F15775917858}"
EndProject
Global
	GlobalSection(SolutionConfigurationPlatforms) = preSolution
		Debug|Any CPU = Debug|Any CPU
		Debug|x64 = Debug|x64
		Debug|x86 = Debug|x86
		Release|Any CPU = Release|Any CPU
		Release|x64 = Release|x64
		Release|x86 = Release|x86
	EndGlobalSection
	GlobalSection(SolutionProperties) = preSolution
		HideSolutionNode = FALSE
	EndGlobalSection
	GlobalSection(ProjectConfigurationPlatforms) = postSolution
		{C6A7D580-5B26-4073-B048-99C8CAABB48F}.Debug|Any CPU.ActiveCfg = Debug|Any CPU
		{C6A7D580-5B26-4073-B048-99C8CAABB48F}.Debug|Any CPU.Build.0 = Debug|Any CPU
		{C6A7D580-5B26-4073-B048-99C8CAABB48F}.Debug|x64.ActiveCfg = Debug|Any CPU
		{C6A7D580-5B26-4073-B048-99C8CAABB48F}.Debug|x64.Build.0 = Debug|Any CPU
		{C6A7D580-5B26-4073-B048-99C8CAABB48F}.Debug|x86.ActiveCfg = Debug|Any CPU
		{C6A7D580-5B26-4073-B048-99C8CAABB48F}.Debug|x86.Build.0 = Debug|Any CPU
		{C6A7D580-5B26-4073-B048-99C8CAABB48F}.Release|Any CPU.ActiveCfg = Release|Any CPU
		{C6A7D580-5B26-4073-B048-99C8CAABB48F}.Release|Any CPU.Build.0 = Release|Any CPU
		{C6A7D580-5B26-4073-B048-99C8CAABB48F}.Release|x64.ActiveCfg = Release|Any CPU
		{C6A7D580-5B26-4073-B048-99C8CAABB48F}.Release|x64.Build.0 = Release|Any CPU
		{C6A7D580-5B26-4073-B048-99C8CAABB48F}.Release|x86.ActiveCfg = Release|Any CPU
		{C6A7D580-5B26-4073-B048-99C8CAABB48F}.Release|x86.Build.0 = Release|Any CPU
		{F8BB38C8-0DB5-4149-B04B-C258A0CB0070}.Debug|Any CPU.ActiveCfg = Debug|Any CPU
		{F8BB38C8-0DB5-4149-B04B-C258A0CB0070}.Debug|Any CPU.Build.0 = Debug|Any CPU
		{F8BB38C8-0DB5-4149-B04B-C258A0CB0070}.Debug|x64.ActiveCfg = Debug|Any CPU
		{F8BB38C8-0DB5-4149-B04B-C258A0CB0070}.Debug|x64.Build.0 = Debug|Any CPU
		{F8BB38C8-0DB5-4149-B04B-C258A0CB0070}.Debug|x86.ActiveCfg = Debug|Any CPU
		{F8BB38C8-0DB5-4149-B04B-C258A0CB0070}.Debug|x86.Build.0 = Debug|Any CPU
		{F8BB38C8-0DB5-4149-B04B-C258A0CB0070}.Release|Any CPU.ActiveCfg = Release|Any CPU
		{F8BB38C8-0DB5-4149-B04B-C258A0CB0070}.Release|Any CPU.Build.0 = Release|Any CPU
		{F8BB38C8-0DB5-4149-B04B-C258A0CB0070}.Release|x64.ActiveCfg = Release|Any CPU
		{F8BB38C8-0DB5-4149-B04B-C258A0CB0070}.Release|x64.Build.0 = Release|Any CPU
		{F8BB38C8-0DB5-4149-B04B-C258A0CB0070}.Release|x86.ActiveCfg = Release|Any CPU
		{F8BB38C8-0DB5-4149-B04B-C258A0CB0070}.Release|x86.Build.0 = Release|Any CPU
		{F16C4964-71B3-4712-B2E6-9A42E94BC2CD}.Debug|Any CPU.ActiveCfg = Debug|Any CPU
		{F16C4964-71B3-4712-B2E6-9A42E94BC2CD}.Debug|Any CPU.Build.0 = Debug|Any CPU
		{F16C4964-71B3-4712-B2E6-9A42E94BC2CD}.Debug|x64.ActiveCfg = Debug|Any CPU
		{F16C4964-71B3-4712-B2E6-9A42E94BC2CD}.Debug|x64.Build.0 = Debug|Any CPU
		{F16C4964-71B3-4712-B2E6-9A42E94BC2CD}.Debug|x86.ActiveCfg = Debug|Any CPU
		{F16C4964-71B3-4712-B2E6-9A42E94BC2CD}.Debug|x86.Build.0 = Debug|Any CPU
		{F16C4964-71B3-4712-B2E6-9A42E94BC2CD}.Release|Any CPU.ActiveCfg = Release|Any CPU
		{F16C4964-71B3-4712-B2E6-9A42E94BC2CD}.Release|Any CPU.Build.0 = Release|Any CPU
		{F16C4964-71B3-4712-B2E6-9A42E94BC2CD}.Release|x64.ActiveCfg = Release|Any CPU
		{F16C4964-71B3-4712-B2E6-9A42E94BC2CD}.Release|x64.Build.0 = Release|Any CPU
		{F16C4964-71B3-4712-B2E6-9A42E94BC2CD}.Release|x86.ActiveCfg = Release|Any CPU
		{F16C4964-71B3-4712-B2E6-9A42E94BC2CD}.Release|x86.Build.0 = Release|Any CPU
		{233F8DEA-A813-44B3-8805-F15775917858}.Debug|Any CPU.ActiveCfg = Debug|Any CPU
		{233F8DEA-A813-44B3-8805-F15775917858}.Debug|Any CPU.Build.0 = Debug|Any CPU
		{233F8DEA-A813-44B3-8805-F15775917858}.Debug|x64.ActiveCfg = Debug|Any CPU
		{233F8DEA-A813-44B3-8805-F15775917858}.Debug|x64.Build.0 = Debug|Any CPU
		{233F8DEA-A813-44B3-8805-F15775917858}.Debug|x86.ActiveCfg = Debug|Any CPU
		{233F8DEA-A813-44B3-8805-F15775917858}.Debug|x86.Build.0 = Debug|Any CPU
		{233F8DEA-A813-44B3-8805-F15775917858}.Release|Any CPU.ActiveCfg = Release|Any CPU
		{233F8DEA-A813-44B3-8805-F15775917858}.Release|Any CPU.Build.0 = Release|Any CPU
		{233F8DEA-A813-44B3-8805-F15775917858}.Release|x64.ActiveCfg = Release|Any CPU
		{233F8DEA-A813-44B3-8805-F15775917858}.Release|x64.Build.0 = Release|Any CPU
		{233F8DEA-A813-44B3-8805-F15775917858}.Release|x86.ActiveCfg = Release|Any CPU
		{233F8DEA-A813-44B3-8805-F15775917858}.Release|x86.Build.0 = Release|Any CPU
	EndGlobalSection
EndGlobal
